
Microsoft Visual Studio Solution File, Format Version 12.00
# Visual Studio Version 17
VisualStudioVersion = 17.1.32328.378
MinimumVisualStudioVersion = 10.0.40219.1
Project("{FAE04EC0-301F-11D3-BF4B-00C04F79EFBC}") = "IDataAccess", "IDataAccess\IDataAccess.csproj", "{693746ED-CCBC-482C-8EDF-52F4E6A9585E}"
EndProject
Global
	GlobalSection(SolutionConfigurationPlatforms) = preSolution
		Debug|Any CPU = Debug|Any CPU
		Release|Any CPU = Release|Any CPU
	EndGlobalSection
	GlobalSection(ProjectConfigurationPlatforms) = postSolution
		{693746ED-CCBC-482C-8EDF-52F4E6A9585E}.Debug|Any CPU.ActiveCfg = Debug|Any CPU
		{693746ED-CCBC-482C-8EDF-52F4E6A9585E}.Debug|Any CPU.Build.0 = Debug|Any CPU
		{693746ED-CCBC-482C-8EDF-52F4E6A9585E}.Release|Any CPU.ActiveCfg = Release|Any CPU
		{693746ED-CCBC-482C-8EDF-52F4E6A9585E}.Release|Any CPU.Build.0 = Release|Any CPU
	EndGlobalSection
	GlobalSection(SolutionProperties) = preSolution
		HideSolutionNode = FALSE
	EndGlobalSection
	GlobalSection(ExtensibilityGlobals) = postSolution
		SolutionGuid = {5BA8EC1C-ADE5-40A3-8299-2AF1F7D38F58}
	EndGlobalSection
EndGlobal
